
Microsoft Visual Studio Solution File, Format Version 12.00
# Visual Studio Version 17
VisualStudioVersion = 17.2.32516.85
MinimumVisualStudioVersion = 10.0.40219.1
Project("{FAE04EC0-301F-11D3-BF4B-00C04F79EFBC}") = "Streamish", "Streamish\Streamish.csproj", "{BEB32CB9-BC1F-4830-A8AF-C3CF457BD828}"
EndProject
Project("{FAE04EC0-301F-11D3-BF4B-00C04F79EFBC}") = "Streamish.Tests", "Streamish.Tests\Streamish.Tests.csproj", "{2B288099-3328-4046-989B-CA0C97BD40ED}"
EndProject
Global
	GlobalSection(SolutionConfigurationPlatforms) = preSolution
		Debug|Any CPU = Debug|Any CPU
		Release|Any CPU = Release|Any CPU
	EndGlobalSection
	GlobalSection(ProjectConfigurationPlatforms) = postSolution
		{BEB32CB9-BC1F-4830-A8AF-C3CF457BD828}.Debug|Any CPU.ActiveCfg = Debug|Any CPU
		{BEB32CB9-BC1F-4830-A8AF-C3CF457BD828}.Debug|Any CPU.Build.0 = Debug|Any CPU
		{BEB32CB9-BC1F-4830-A8AF-C3CF457BD828}.Release|Any CPU.ActiveCfg = Release|Any CPU
		{BEB32CB9-BC1F-4830-A8AF-C3CF457BD828}.Release|Any CPU.Build.0 = Release|Any CPU
		{2B288099-3328-4046-989B-CA0C97BD40ED}.Debug|Any CPU.ActiveCfg = Debug|Any CPU
		{2B288099-3328-4046-989B-CA0C97BD40ED}.Debug|Any CPU.Build.0 = Debug|Any CPU
		{2B288099-3328-4046-989B-CA0C97BD40ED}.Release|Any CPU.ActiveCfg = Release|Any CPU
		{2B288099-3328-4046-989B-CA0C97BD40ED}.Release|Any CPU.Build.0 = Release|Any CPU
	EndGlobalSection
	GlobalSection(SolutionProperties) = preSolution
		HideSolutionNode = FALSE
	EndGlobalSection
	GlobalSection(ExtensibilityGlobals) = postSolution
		SolutionGuid = {E209F8C7-8550-4EDE-AD38-431D5E590A04}
	EndGlobalSection
EndGlobal
